
Microsoft Visual Studio Solution File, Format Version 12.00
# Visual Studio Version 17
VisualStudioVersion = 17.6.33829.357
MinimumVisualStudioVersion = 10.0.40219.1
Project("{FAE04EC0-301F-11D3-BF4B-00C04F79EFBC}") = "importNfcUid", "importNfcUid\importNfcUid.csproj", "{07DAACFF-2F95-4523-916A-4C794AF8041D}"
EndProject
Global
	GlobalSection(SolutionConfigurationPlatforms) = preSolution
		Debug|Any CPU = Debug|Any CPU
		Release|Any CPU = Release|Any CPU
	EndGlobalSection
	GlobalSection(ProjectConfigurationPlatforms) = postSolution
		{07DAACFF-2F95-4523-916A-4C794AF8041D}.Debug|Any CPU.ActiveCfg = Debug|Any CPU
		{07DAACFF-2F95-4523-916A-4C794AF8041D}.Debug|Any CPU.Build.0 = Debug|Any CPU
		{07DAACFF-2F95-4523-916A-4C794AF8041D}.Release|Any CPU.ActiveCfg = Release|Any CPU
		{07DAACFF-2F95-4523-916A-4C794AF8041D}.Release|Any CPU.Build.0 = Release|Any CPU
	EndGlobalSection
	GlobalSection(SolutionProperties) = preSolution
		HideSolutionNode = FALSE
	EndGlobalSection
	GlobalSection(ExtensibilityGlobals) = postSolution
		SolutionGuid = {4352C4AD-3BF1-4177-A81D-1EFB45C95178}
	EndGlobalSection
EndGlobal
