
Microsoft Visual Studio Solution File, Format Version 12.00
# Visual Studio Version 17
VisualStudioVersion = 17.11.35219.272
MinimumVisualStudioVersion = 10.0.40219.1
Project("{FAE04EC0-301F-11D3-BF4B-00C04F79EFBC}") = "NFCReaderApp", "NFCReaderApp.csproj", "{C749F60E-D65A-4B56-8123-B0CAD5436207}"
EndProject
Global
	GlobalSection(SolutionConfigurationPlatforms) = preSolution
		Debug|Any CPU = Debug|Any CPU
		Release|Any CPU = Release|Any CPU
	EndGlobalSection
	GlobalSection(ProjectConfigurationPlatforms) = postSolution
		{C749F60E-D65A-4B56-8123-B0CAD5436207}.Debug|Any CPU.ActiveCfg = Debug|Any CPU
		{C749F60E-D65A-4B56-8123-B0CAD5436207}.Debug|Any CPU.Build.0 = Debug|Any CPU
		{C749F60E-D65A-4B56-8123-B0CAD5436207}.Release|Any CPU.ActiveCfg = Release|Any CPU
		{C749F60E-D65A-4B56-8123-B0CAD5436207}.Release|Any CPU.Build.0 = Release|Any CPU
	EndGlobalSection
	GlobalSection(SolutionProperties) = preSolution
		HideSolutionNode = FALSE
	EndGlobalSection
	GlobalSection(ExtensibilityGlobals) = postSolution
		SolutionGuid = {C4671EDF-39CF-47E4-ABC1-DD9F9DB1A61D}
	EndGlobalSection
EndGlobal
